{
  "nodes": {
    "flake-utils": {
      "inputs": {
        "systems": "systems"
      },
      "locked": {
        "lastModified": 1731533236,
        "narHash": "sha256-l0KFg5HjrsfsO/JpG+r7fRrqm12kzFHyUHqHCVpMMbI=",
        "owner": "numtide",
        "repo": "flake-utils",
        "rev": "11707dc2f618dd54ca8739b309ec4fc024de578b",
        "type": "github"
      },
      "original": {
        "owner": "numtide",
        "repo": "flake-utils",
        "type": "github"
      }
    },
    "nixpkgs": {
      "locked": {
        "lastModified": 1742512142,
        "narHash": "sha256-8XfURTDxOm6+33swQJu/hx6xw1Tznl8vJJN5HwVqckg=",
        "owner": "NixOS",
        "repo": "nixpkgs",
        "rev": "7105ae3957700a9646cc4b766f5815b23ed0c682",
        "type": "github"
      },
      "original": {
        "id": "nixpkgs",
        "ref": "nixos-24.11",
        "type": "indirect"
      }
    },
    "root": {
      "inputs": {
        "flake-utils": "flake-utils",
        "nixpkgs": "nixpkgs",
        "swift_61_linux": "swift_61_linux",
        "swift_61_macos": "swift_61_macos",
        "swift_snapshot_linux": "swift_snapshot_linux",
        "swift_snapshot_macos": "swift_snapshot_macos"
      }
    },
    "swift_61_linux": {
      "flake": false,
      "locked": {
        "lastModified": 1743367228,
        "narHash": "sha256-ZNqaK5D/K1M7V0Q/VTrkSPu4JWEZv1AATpIu54VFhrc=",
        "type": "tarball",
        "url": "https://download.swift.org/swift-6.1-release/ubi9/swift-6.1-RELEASE/swift-6.1-RELEASE-ubi9.tar.gz"
      },
      "original": {
        "type": "tarball",
        "url": "https://download.swift.org/swift-6.1-release/ubi9/swift-6.1-RELEASE/swift-6.1-RELEASE-ubi9.tar.gz"
      }
    },
    "swift_61_macos": {
      "flake": false,
      "locked": {
        "narHash": "sha256-QjhydaMUpSKKDINHDT8FY8DS7pXa5o9ASmAUpIqZvZc=",
        "type": "file",
        "url": "https://download.swift.org/swift-6.1-release/xcode/swift-6.1-RELEASE/swift-6.1-RELEASE-osx.pkg"
      },
      "original": {
        "type": "file",
        "url": "https://download.swift.org/swift-6.1-release/xcode/swift-6.1-RELEASE/swift-6.1-RELEASE-osx.pkg"
      }
    },
    "swift_snapshot_linux": {
      "flake": false,
      "locked": {
        "lastModified": 1743196314,
        "narHash": "sha256-NmWabXF/d8YnwlUmVK1Ec313M87i9xKPiPUZj4rzpuY=",
        "type": "tarball",
        "url": "https://download.swift.org/development/ubi9/swift-DEVELOPMENT-SNAPSHOT-2025-03-28-a/swift-DEVELOPMENT-SNAPSHOT-2025-03-28-a-ubi9.tar.gz"
      },
      "original": {
        "type": "tarball",
        "url": "https://download.swift.org/development/ubi9/swift-DEVELOPMENT-SNAPSHOT-2025-03-28-a/swift-DEVELOPMENT-SNAPSHOT-2025-03-28-a-ubi9.tar.gz"
      }
    },
    "swift_snapshot_macos": {
      "flake": false,
      "locked": {
        "narHash": "sha256-Xny9pN/tJRDQV1drK7KDQYmpcy/CvpUOgvDvHQRykoM=",
        "type": "file",
        "url": "https://download.swift.org/development/xcode/swift-DEVELOPMENT-SNAPSHOT-2025-03-28-a/swift-DEVELOPMENT-SNAPSHOT-2025-03-28-a-osx.pkg"
      },
      "original": {
        "type": "file",
        "url": "https://download.swift.org/development/xcode/swift-DEVELOPMENT-SNAPSHOT-2025-03-28-a/swift-DEVELOPMENT-SNAPSHOT-2025-03-28-a-osx.pkg"
      }
    },
    "systems": {
      "locked": {
        "lastModified": 1681028828,
        "narHash": "sha256-Vy1rq5AaRuLzOxct8nz4T6wlgyUR7zLU309k9mBC768=",
        "owner": "nix-systems",
        "repo": "default",
        "rev": "da67096a3b9bf56a91d16901293e51ba5b49a27e",
        "type": "github"
      },
      "original": {
        "owner": "nix-systems",
        "repo": "default",
        "type": "github"
      }
    }
  },
  "root": "root",
  "version": 7
}
