{
  "nodes": {
    "flake-utils": {
      "inputs": {
        "systems": "systems"
      },
      "locked": {
        "lastModified": 1731533236,
        "narHash": "sha256-l0KFg5HjrsfsO/JpG+r7fRrqm12kzFHyUHqHCVpMMbI=",
        "owner": "numtide",
        "repo": "flake-utils",
        "rev": "11707dc2f618dd54ca8739b309ec4fc024de578b",
        "type": "github"
      },
      "original": {
        "owner": "numtide",
        "repo": "flake-utils",
        "type": "github"
      }
    },
    "nixpkgs": {
      "locked": {
        "lastModified": 1738843498,
        "narHash": "sha256-7x+Q4xgFj9UxZZO9aUDCR8h4vyYut4zPUvfj3i+jBHE=",
        "owner": "NixOS",
        "repo": "nixpkgs",
        "rev": "f5a32fa27df91dfc4b762671a0e0a859a8a0058f",
        "type": "github"
      },
      "original": {
        "id": "nixpkgs",
        "ref": "nixos-24.11",
        "type": "indirect"
      }
    },
    "root": {
      "inputs": {
        "flake-utils": "flake-utils",
        "nixpkgs": "nixpkgs",
        "swift_60_linux": "swift_60_linux",
        "swift_60_macos": "swift_60_macos",
        "swift_snapshot_linux": "swift_snapshot_linux",
        "swift_snapshot_macos": "swift_snapshot_macos"
      }
    },
    "swift_60_linux": {
      "flake": false,
      "locked": {
        "lastModified": 1733907622,
        "narHash": "sha256-PYdWqjw8qfvj52isemhaihjiGxR0weTdWXVXHD8YL/I=",
        "type": "tarball",
        "url": "https://download.swift.org/swift-6.0.3-release/ubi9/swift-6.0.3-RELEASE/swift-6.0.3-RELEASE-ubi9.tar.gz"
      },
      "original": {
        "type": "tarball",
        "url": "https://download.swift.org/swift-6.0.3-release/ubi9/swift-6.0.3-RELEASE/swift-6.0.3-RELEASE-ubi9.tar.gz"
      }
    },
    "swift_60_macos": {
      "flake": false,
      "locked": {
        "narHash": "sha256-H+vhrFUXTow2pOlHAydLF9VqXoFmVXPyq/uF9fguKpU=",
        "type": "file",
        "url": "https://download.swift.org/swift-6.0.3-release/xcode/swift-6.0.3-RELEASE/swift-6.0.3-RELEASE-osx.pkg"
      },
      "original": {
        "type": "file",
        "url": "https://download.swift.org/swift-6.0.3-release/xcode/swift-6.0.3-RELEASE/swift-6.0.3-RELEASE-osx.pkg"
      }
    },
    "swift_snapshot_linux": {
      "flake": false,
      "locked": {
        "lastModified": 1738967420,
        "narHash": "sha256-2PNVjsKLCTU/hphz3pR9uXhDkToYx5lCBCgxgXd1734=",
        "type": "tarball",
        "url": "https://download.swift.org/swift-6.1-branch/ubi9/swift-6.1-DEVELOPMENT-SNAPSHOT-2025-02-07-a/swift-6.1-DEVELOPMENT-SNAPSHOT-2025-02-07-a-ubi9.tar.gz"
      },
      "original": {
        "type": "tarball",
        "url": "https://download.swift.org/swift-6.1-branch/ubi9/swift-6.1-DEVELOPMENT-SNAPSHOT-2025-02-07-a/swift-6.1-DEVELOPMENT-SNAPSHOT-2025-02-07-a-ubi9.tar.gz"
      }
    },
    "swift_snapshot_macos": {
      "flake": false,
      "locked": {
        "narHash": "sha256-AUktUVSEJYaJ3NElqo36ecWl1pPKf9OiIMCJTl7EjIc=",
        "type": "file",
        "url": "https://download.swift.org/swift-6.1-branch/xcode/swift-6.1-DEVELOPMENT-SNAPSHOT-2025-02-07-a/swift-6.1-DEVELOPMENT-SNAPSHOT-2025-02-07-a-osx.pkg"
      },
      "original": {
        "type": "file",
        "url": "https://download.swift.org/swift-6.1-branch/xcode/swift-6.1-DEVELOPMENT-SNAPSHOT-2025-02-07-a/swift-6.1-DEVELOPMENT-SNAPSHOT-2025-02-07-a-osx.pkg"
      }
    },
    "systems": {
      "locked": {
        "lastModified": 1681028828,
        "narHash": "sha256-Vy1rq5AaRuLzOxct8nz4T6wlgyUR7zLU309k9mBC768=",
        "owner": "nix-systems",
        "repo": "default",
        "rev": "da67096a3b9bf56a91d16901293e51ba5b49a27e",
        "type": "github"
      },
      "original": {
        "owner": "nix-systems",
        "repo": "default",
        "type": "github"
      }
    }
  },
  "root": "root",
  "version": 7
}
